// !$*UTF8*$!
{
	archiveVersion = 1;
	classes = {
	};
	objectVersion = 46;
	objects = {

/* Begin PBXBuildFile section */
		398549E81CB57BB500D19C94 /* main.m in Sources */ = {isa = PBXBuildFile; fileRef = 398549E71CB57BB500D19C94 /* main.m */; };
		398549EB1CB57BB500D19C94 /* AppDelegate.m in Sources */ = {isa = PBXBuildFile; fileRef = 398549EA1CB57BB500D19C94 /* AppDelegate.m */; };
		398549EE1CB57BB500D19C94 /* ViewController.m in Sources */ = {isa = PBXBuildFile; fileRef = 398549ED1CB57BB500D19C94 /* ViewController.m */; };
		398549F11CB57BB500D19C94 /* Main.storyboard in Resources */ = {isa = PBXBuildFile; fileRef = 398549EF1CB57BB500D19C94 /* Main.storyboard */; };
		398549F31CB57BB500D19C94 /* Assets.xcassets in Resources */ = {isa = PBXBuildFile; fileRef = 398549F21CB57BB500D19C94 /* Assets.xcassets */; };
		398549F61CB57BB500D19C94 /* LaunchScreen.storyboard in Resources */ = {isa = PBXBuildFile; fileRef = 398549F41CB57BB500D19C94 /* LaunchScreen.storyboard */; };
		39854A021CB57BC000D19C94 /* Cupertino.gpx in Resources */ = {isa = PBXBuildFile; fileRef = 398549FD1CB57BC000D19C94 /* Cupertino.gpx */; };
		39854A031CB57BC000D19C94 /* Chicago.gpx in Resources */ = {isa = PBXBuildFile; fileRef = 398549FE1CB57BC000D19C94 /* Chicago.gpx */; };
		39854A041CB57BC000D19C94 /* London.gpx in Resources */ = {isa = PBXBuildFile; fileRef = 398549FF1CB57BC000D19C94 /* London.gpx */; };
		39854A051CB57BC000D19C94 /* New_York.gpx in Resources */ = {isa = PBXBuildFile; fileRef = 39854A001CB57BC000D19C94 /* New_York.gpx */; };
		39854A061CB57BC000D19C94 /* Point_Hope.gpx in Resources */ = {isa = PBXBuildFile; fileRef = 39854A011CB57BC000D19C94 /* Point_Hope.gpx */; };
/* End PBXBuildFile section */

/* Begin PBXFileReference section */
		398549E31CB57BB500D19C94 /* hopepoint.app */ = {isa = PBXFileReference; explicitFileType = wrapper.application; includeInIndex = 0; path = hopepoint.app; sourceTree = BUILT_PRODUCTS_DIR; };
		398549E71CB57BB500D19C94 /* main.m */ = {isa = PBXFileReference; lastKnownFileType = sourcecode.c.objc; path = main.m; sourceTree = "<group>"; };
		398549E91CB57BB500D19C94 /* AppDelegate.h */ = {isa = PBXFileReference; lastKnownFileType = sourcecode.c.h; path = AppDelegate.h; sourceTree = "<group>"; };
		398549EA1CB57BB500D19C94 /* AppDelegate.m */ = {isa = PBXFileReference; lastKnownFileType = sourcecode.c.objc; path = AppDelegate.m; sourceTree = "<group>"; };
		398549EC1CB57BB500D19C94 /* ViewController.h */ = {isa = PBXFileReference; lastKnownFileType = sourcecode.c.h; path = ViewController.h; sourceTree = "<group>"; };
		398549ED1CB57BB500D19C94 /* ViewController.m */ = {isa = PBXFileReference; lastKnownFileType = sourcecode.c.objc; path = ViewController.m; sourceTree = "<group>"; };
		398549F01CB57BB500D19C94 /* Base */ = {isa = PBXFileReference; lastKnownFileType = file.storyboard; name = Base; path = Base.lproj/Main.storyboard; sourceTree = "<group>"; };
		398549F21CB57BB500D19C94 /* Assets.xcassets */ = {isa = PBXFileReference; lastKnownFileType = folder.assetcatalog; path = Assets.xcassets; sourceTree = "<group>"; };
		398549F51CB57BB500D19C94 /* Base */ = {isa = PBXFileReference; lastKnownFileType = file.storyboard; name = Base; path = Base.lproj/LaunchScreen.storyboard; sourceTree = "<group>"; };
		398549F71CB57BB500D19C94 /* Info.plist */ = {isa = PBXFileReference; lastKnownFileType = text.plist.xml; path = Info.plist; sourceTree = "<group>"; };
		398549FD1CB57BC000D19C94 /* Cupertino.gpx */ = {isa = PBXFileReference; fileEncoding = 4; lastKnownFileType = text.xml; path = Cupertino.gpx; sourceTree = "<group>"; };
		398549FE1CB57BC000D19C94 /* Chicago.gpx */ = {isa = PBXFileReference; fileEncoding = 4; lastKnownFileType = text.xml; path = Chicago.gpx; sourceTree = "<group>"; };
		398549FF1CB57BC000D19C94 /* London.gpx */ = {isa = PBXFileReference; fileEncoding = 4; lastKnownFileType = text.xml; path = London.gpx; sourceTree = "<group>"; };
		39854A001CB57BC000D19C94 /* New_York.gpx */ = {isa = PBXFileReference; fileEncoding = 4; lastKnownFileType = text.xml; path = New_York.gpx; sourceTree = "<group>"; };
		39854A011CB57BC000D19C94 /* Point_Hope.gpx */ = {isa = PBXFileReference; fileEncoding = 4; lastKnownFileType = text.xml; path = Point_Hope.gpx; sourceTree = "<group>"; };
/* End PBXFileReference section */

/* Begin PBXFrameworksBuildPhase section */
		398549E01CB57BB500D19C94 /* Frameworks */ = {
			isa = PBXFrameworksBuildPhase;
			buildActionMask = 2147483647;
			files = (
			);
			runOnlyForDeploymentPostprocessing = 0;
		};
/* End PBXFrameworksBuildPhase section */

/* Begin PBXGroup section */
		398549DA1CB57BB500D19C94 = {
			isa = PBXGroup;
			children = (
				398549E51CB57BB500D19C94 /* hopepoint */,
				398549E41CB57BB500D19C94 /* Products */,
			);
			sourceTree = "<group>";
		};
		398549E41CB57BB500D19C94 /* Products */ = {
			isa = PBXGroup;
			children = (
				398549E31CB57BB500D19C94 /* hopepoint.app */,
			);
			name = Products;
			sourceTree = "<group>";
		};
		398549E51CB57BB500D19C94 /* hopepoint */ = {
			isa = PBXGroup;
			children = (
				398549E91CB57BB500D19C94 /* AppDelegate.h */,
				398549EA1CB57BB500D19C94 /* AppDelegate.m */,
				398549EC1CB57BB500D19C94 /* ViewController.h */,
				398549ED1CB57BB500D19C94 /* ViewController.m */,
				398549EF1CB57BB500D19C94 /* Main.storyboard */,
				398549F21CB57BB500D19C94 /* Assets.xcassets */,
				398549F41CB57BB500D19C94 /* LaunchScreen.storyboard */,
				398549F71CB57BB500D19C94 /* Info.plist */,
				398549E61CB57BB500D19C94 /* Supporting Files */,
			);
			path = hopepoint;
			sourceTree = "<group>";
		};
		398549E61CB57BB500D19C94 /* Supporting Files */ = {
			isa = PBXGroup;
			children = (
				398549FD1CB57BC000D19C94 /* Cupertino.gpx */,
				398549FE1CB57BC000D19C94 /* Chicago.gpx */,
				398549FF1CB57BC000D19C94 /* London.gpx */,
				39854A001CB57BC000D19C94 /* New_York.gpx */,
				39854A011CB57BC000D19C94 /* Point_Hope.gpx */,
				398549E71CB57BB500D19C94 /* main.m */,
			);
			name = "Supporting Files";
			sourceTree = "<group>";
		};
/* End PBXGroup section */

/* Begin PBXNativeTarget section */
		398549E21CB57BB500D19C94 /* hopepoint */ = {
			isa = PBXNativeTarget;
			buildConfigurationList = 398549FA1CB57BB500D19C94 /* Build configuration list for PBXNativeTarget "hopepoint" */;
			buildPhases = (
				398549DF1CB57BB500D19C94 /* Sources */,
				398549E01CB57BB500D19C94 /* Frameworks */,
				398549E11CB57BB500D19C94 /* Resources */,
			);
			buildRules = (
			);
			dependencies = (
			);
			name = hopepoint;
			productName = hopepoint;
			productReference = 398549E31CB57BB500D19C94 /* hopepoint.app */;
			productType = "com.apple.product-type.application";
		};
/* End PBXNativeTarget section */

/* Begin PBXProject section */
		398549DB1CB57BB500D19C94 /* Project object */ = {
			isa = PBXProject;
			attributes = {
				LastUpgradeCheck = 0730;
				ORGANIZATIONNAME = "Michael Phelps";
				TargetAttributes = {
					398549E21CB57BB500D19C94 = {
						CreatedOnToolsVersion = 7.3;
					};
				};
			};
			buildConfigurationList = 398549DE1CB57BB500D19C94 /* Build configuration list for PBXProject "hopepoint" */;
			compatibilityVersion = "Xcode 3.2";
			developmentRegion = English;
			hasScannedForEncodings = 0;
			knownRegions = (
				en,
				Base,
			);
			mainGroup = 398549DA1CB57BB500D19C94;
			productRefGroup = 398549E41CB57BB500D19C94 /* Products */;
			projectDirPath = "";
			projectRoot = "";
			targets = (
				398549E21CB57BB500D19C94 /* hopepoint */,
			);
		};
/* End PBXProject section */

/* Begin PBXResourcesBuildPhase section */
		398549E11CB57BB500D19C94 /* Resources */ = {
			isa = PBXResourcesBuildPhase;
			buildActionMask = 2147483647;
			files = (
				39854A061CB57BC000D19C94 /* Point_Hope.gpx in Resources */,
				39854A031CB57BC000D19C94 /* Chicago.gpx in Resources */,
				398549F61CB57BB500D19C94 /* LaunchScreen.storyboard in Resources */,
				398549F31CB57BB500D19C94 /* Assets.xcassets in Resources */,
				39854A051CB57BC000D19C94 /* New_York.gpx in Resources */,
				39854A041CB57BC000D19C94 /* London.gpx in Resources */,
				398549F11CB57BB500D19C94 /* Main.storyboard in Resources */,
				39854A021CB57BC000D19C94 /* Cupertino.gpx in Resources */,
			);
			runOnlyForDeploymentPostprocessing = 0;
		};
/* End PBXResourcesBuildPhase section */

/* Begin PBXSourcesBuildPhase section */
		398549DF1CB57BB500D19C94 /* Sources */ = {
			isa = PBXSourcesBuildPhase;
			buildActionMask = 2147483647;
			files = (
				398549EE1CB57BB500D19C94 /* ViewController.m in Sources */,
				398549EB1CB57BB500D19C94 /* AppDelegate.m in Sources */,
				398549E81CB57BB500D19C94 /* main.m in Sources */,
			);
			runOnlyForDeploymentPostprocessing = 0;
		};
/* End PBXSourcesBuildPhase section */

/* Begin PBXVariantGroup section */
		398549EF1CB57BB500D19C94 /* Main.storyboard */ = {
			isa = PBXVariantGroup;
			children = (
				398549F01CB57BB500D19C94 /* Base */,
			);
			name = Main.storyboard;
			sourceTree = "<group>";
		};
		398549F41CB57BB500D19C94 /* LaunchScreen.storyboard */ = {
			isa = PBXVariantGroup;
			children = (
				398549F51CB57BB500D19C94 /* Base */,
			);
			name = LaunchScreen.storyboard;
			sourceTree = "<group>";
		};
/* End PBXVariantGroup section */

/* Begin XCBuildConfiguration section */
		398549F81CB57BB500D19C94 /* Debug */ = {
			isa = XCBuildConfiguration;
			buildSettings = {
				ALWAYS_SEARCH_USER_PATHS = NO;
				CLANG_ANALYZER_NONNULL = YES;
				CLANG_CXX_LANGUAGE_STANDARD = "gnu++0x";
				CLANG_CXX_LIBRARY = "libc++";
				CLANG_ENABLE_MODULES = YES;
				CLANG_ENABLE_OBJC_ARC = YES;
				CLANG_WARN_BOOL_CONVERSION = YES;
				CLANG_WARN_CONSTANT_CONVERSION = YES;
				CLANG_WARN_DIRECT_OBJC_ISA_USAGE = YES_ERROR;
				CLANG_WARN_EMPTY_BODY = YES;
				CLANG_WARN_ENUM_CONVERSION = YES;
				CLANG_WARN_INT_CONVERSION = YES;
				CLANG_WARN_OBJC_ROOT_CLASS = YES_ERROR;
				CLANG_WARN_UNREACHABLE_CODE = YES;
				CLANG_WARN__DUPLICATE_METHOD_MATCH = YES;
				"CODE_SIGN_IDENTITY[sdk=iphoneos*]" = "iPhone Developer";
				COPY_PHASE_STRIP = NO;
				DEBUG_INFORMATION_FORMAT = dwarf;
				ENABLE_STRICT_OBJC_MSGSEND = YES;
				ENABLE_TESTABILITY = YES;
				GCC_C_LANGUAGE_STANDARD = gnu99;
				GCC_DYNAMIC_NO_PIC = NO;
				GCC_NO_COMMON_BLOCKS = YES;
				GCC_OPTIMIZATION_LEVEL = 0;
				GCC_PREPROCESSOR_DEFINITIONS = (
					"DEBUG=1",
					"$(inherited)",
				);
				GCC_WARN_64_TO_32_BIT_CONVERSION = YES;
				GCC_WARN_ABOUT_RETURN_TYPE = YES_ERROR;
				GCC_WARN_UNDECLARED_SELECTOR = YES;
				GCC_WARN_UNINITIALIZED_AUTOS = YES_AGGRESSIVE;
				GCC_WARN_UNUSED_FUNCTION = YES;
				GCC_WARN_UNUSED_VARIABLE = YES;
				IPHONEOS_DEPLOYMENT_TARGET = 9.3;
				MTL_ENABLE_DEBUG_INFO = YES;
				ONLY_ACTIVE_ARCH = YES;
				SDKROOT = iphoneos;
				TARGETED_DEVICE_FAMILY = "1,2";
			};
			name = Debug;
		};
		398549F91CB57BB500D19C94 /* Release */ = {
			isa = XCBuildConfiguration;
			buildSettings = {
				ALWAYS_SEARCH_USER_PATHS = NO;
				CLANG_ANALYZER_NONNULL = YES;
				CLANG_CXX_LANGUAGE_STANDARD = "gnu++0x";
				CLANG_CXX_LIBRARY = "libc++";
				CLANG_ENABLE_MODULES = YES;
				CLANG_ENABLE_OBJC_ARC = YES;
				CLANG_WARN_BOOL_CONVERSION = YES;
				CLANG_WARN_CONSTANT_CONVERSION = YES;
				CLANG_WARN_DIRECT_OBJC_ISA_USAGE = YES_ERROR;
				CLANG_WARN_EMPTY_BODY = YES;
				CLANG_WARN_ENUM_CONVERSION = YES;
				CLANG_WARN_INT_CONVERSION = YES;
				CLANG_WARN_OBJC_ROOT_CLASS = YES_ERROR;
				CLANG_WARN_UNREACHABLE_CODE = YES;
				CLANG_WARN__DUPLICATE_METHOD_MATCH = YES;
				"CODE_SIGN_IDENTITY[sdk=iphoneos*]" = "iPhone Developer";
				COPY_PHASE_STRIP = NO;
				DEBUG_INFORMATION_FORMAT = "dwarf-with-dsym";
				ENABLE_NS_ASSERTIONS = NO;
				ENABLE_STRICT_OBJC_MSGSEND = YES;
				GCC_C_LANGUAGE_STANDARD = gnu99;
				GCC_NO_COMMON_BLOCKS = YES;
				GCC_WARN_64_TO_32_BIT_CONVERSION = YES;
				GCC_WARN_ABOUT_RETURN_TYPE = YES_ERROR;
				GCC_WARN_UNDECLARED_SELECTOR = YES;
				GCC_WARN_UNINITIALIZED_AUTOS = YES_AGGRESSIVE;
				GCC_WARN_UNUSED_FUNCTION = YES;
				GCC_WARN_UNUSED_VARIABLE = YES;
				IPHONEOS_DEPLOYMENT_TARGET = 9.3;
				MTL_ENABLE_DEBUG_INFO = NO;
				SDKROOT = iphoneos;
				TARGETED_DEVICE_FAMILY = "1,2";
				VALIDATE_PRODUCT = YES;
			};
			name = Release;
		};
		398549FB1CB57BB500D19C94 /* Debug */ = {
			isa = XCBuildConfiguration;
			buildSettings = {
				ASSETCATALOG_COMPILER_APPICON_NAME = AppIcon;
				CODE_SIGN_IDENTITY = "iPhone Developer";
				INFOPLIST_FILE = hopepoint/Info.plist;
				IPHONEOS_DEPLOYMENT_TARGET = 7.0;
				LD_RUNPATH_SEARCH_PATHS = "$(inherited) @executable_path/Frameworks";
				PRODUCT_BUNDLE_IDENTIFIER = com.9magnets.hopepoint;
				PRODUCT_NAME = "$(TARGET_NAME)";
			};
			name = Debug;
		};
		398549FC1CB57BB500D19C94 /* Release */ = {
			isa = XCBuildConfiguration;
			buildSettings = {
				ASSETCATALOG_COMPILER_APPICON_NAME = AppIcon;
				CODE_SIGN_IDENTITY = "iPhone Distribution";
				INFOPLIST_FILE = hopepoint/Info.plist;
				IPHONEOS_DEPLOYMENT_TARGET = 7.0;
				LD_RUNPATH_SEARCH_PATHS = "$(inherited) @executable_path/Frameworks";
				PRODUCT_BUNDLE_IDENTIFIER = com.9magnets.hopepoint;
				PRODUCT_NAME = "$(TARGET_NAME)";
			};
			name = Release;
		};
/* End XCBuildConfiguration section */

/* Begin XCConfigurationList section */
		398549DE1CB57BB500D19C94 /* Build configuration list for PBXProject "hopepoint" */ = {
			isa = XCConfigurationList;
			buildConfigurations = (
				398549F81CB57BB500D19C94 /* Debug */,
				398549F91CB57BB500D19C94 /* Release */,
			);
			defaultConfigurationIsVisible = 0;
			defaultConfigurationName = Release;
		};
		398549FA1CB57BB500D19C94 /* Build configuration list for PBXNativeTarget "hopepoint" */ = {
			isa = XCConfigurationList;
			buildConfigurations = (
				398549FB1CB57BB500D19C94 /* Debug */,
				398549FC1CB57BB500D19C94 /* Release */,
			);
			defaultConfigurationIsVisible = 0;
			defaultConfigurationName = Release;
		};
/* End XCConfigurationList section */
	};
	rootObject = 398549DB1CB57BB500D19C94 /* Project object */;
}
